// !$*UTF8*$!
{
	archiveVersion = 1;
	classes = {
	};
	objectVersion = 56;
	objects = {

/* Begin PBXBuildFile section */
		4A0BCBBC2D5199140033AB96 /* ButtonWithStatusIndicator.swift in Sources */ = {isa = PBXBuildFile; fileRef = 4A0BCBBB2D5199140033AB96 /* ButtonWithStatusIndicator.swift */; };
		4A0E02852D0F571000D2FAF3 /* PerplexityHandler.swift in Sources */ = {isa = PBXBuildFile; fileRef = 4A0E02842D0F571000D2FAF3 /* PerplexityHandler.swift */; };
		4A1614112D430AE300A1EF8D /* ThinkingProcessView.swift in Sources */ = {isa = PBXBuildFile; fileRef = 4A1614102D430AE300A1EF8D /* ThinkingProcessView.swift */; };
		4A1614132D46B9BA00A1EF8D /* SystemMessageBubbleView.swift in Sources */ = {isa = PBXBuildFile; fileRef = 4A1614122D46B9BA00A1EF8D /* SystemMessageBubbleView.swift */; };
		4A1614152D46C86800A1EF8D /* PersonaSelectorView.swift in Sources */ = {isa = PBXBuildFile; fileRef = 4A1614142D46C86800A1EF8D /* PersonaSelectorView.swift */; };
		4A194C062C9633BC003C8782 /* EntityListView.swift in Sources */ = {isa = PBXBuildFile; fileRef = 4A194C052C9633BC003C8782 /* EntityListView.swift */; };
		4A1F0A0A29CEFB7F002A139A /* MessageCell.swift in Sources */ = {isa = PBXBuildFile; fileRef = 4A1F0A0929CEFB7F002A139A /* MessageCell.swift */; };
		4A1F0A0C29CF02CA002A139A /* WelcomeScreen.swift in Sources */ = {isa = PBXBuildFile; fileRef = 4A1F0A0B29CF02CA002A139A /* WelcomeScreen.swift */; };
		4A254A6D2CEA69EB00F66935 /* HighlighterManager.swift in Sources */ = {isa = PBXBuildFile; fileRef = 4A254A6C2CEA69EB00F66935 /* HighlighterManager.swift */; };
		4A254A6F2CEA6A2400F66935 /* CodeViewModel.swift in Sources */ = {isa = PBXBuildFile; fileRef = 4A254A6E2CEA6A2400F66935 /* CodeViewModel.swift */; };
		4A270AE329D4AFE7005E063C /* AppConstants.swift in Sources */ = {isa = PBXBuildFile; fileRef = 4A270AE229D4AFE7005E063C /* AppConstants.swift */; };
		4A272A7429F5DAA800F93D0D /* Models.swift in Sources */ = {isa = PBXBuildFile; fileRef = 4A272A7329F5DAA800F93D0D /* Models.swift */; };
		4A2842492C87014800E5C920 /* KeychainAccess in Frameworks */ = {isa = PBXBuildFile; productRef = 4A2842482C87014800E5C920 /* KeychainAccess */; };
		4A28424B2C87018C00E5C920 /* TokenManager.swift in Sources */ = {isa = PBXBuildFile; fileRef = 4A28424A2C87018800E5C920 /* TokenManager.swift */; };
		4A2B9E952CE1272E00C8042F /* RequestMessagesTransformer.swift in Sources */ = {isa = PBXBuildFile; fileRef = 4A2B9E942CE1272E00C8042F /* RequestMessagesTransformer.swift */; };
		4A2D3CEB2D5794B10082A262 /* ThemeMode.swift in Sources */ = {isa = PBXBuildFile; fileRef = 4A2D3CEA2D5794B00082A262 /* ThemeMode.swift */; };
		4A315DB22C8CD8410095ABD1 /* TabAIPersonasView.swift in Sources */ = {isa = PBXBuildFile; fileRef = 4A315DB12C8CD8410095ABD1 /* TabAIPersonasView.swift */; };
		4A37B8552C2A399800F36CC4 /* Credits.rtf in Resources */ = {isa = PBXBuildFile; fileRef = 4A37B8542C2A399800F36CC4 /* Credits.rtf */; };
		4A399C9929BC8FEF00E98796 /* macaiApp.swift in Sources */ = {isa = PBXBuildFile; fileRef = 4A399C9829BC8FEF00E98796 /* macaiApp.swift */; };
		4A399C9B29BC8FEF00E98796 /* ContentView.swift in Sources */ = {isa = PBXBuildFile; fileRef = 4A399C9A29BC8FEF00E98796 /* ContentView.swift */; };
		4A399C9D29BC8FF100E98796 /* Assets.xcassets in Resources */ = {isa = PBXBuildFile; fileRef = 4A399C9C29BC8FF100E98796 /* Assets.xcassets */; };
		4A399CA129BC8FF100E98796 /* Preview Assets.xcassets in Resources */ = {isa = PBXBuildFile; fileRef = 4A399CA029BC8FF100E98796 /* Preview Assets.xcassets */; };
		4A399CB529BC8FF200E98796 /* macaiUITests.swift in Sources */ = {isa = PBXBuildFile; fileRef = 4A399CB429BC8FF200E98796 /* macaiUITests.swift */; };
		4A399CB729BC8FF200E98796 /* macaiUITestsLaunchTests.swift in Sources */ = {isa = PBXBuildFile; fileRef = 4A399CB629BC8FF200E98796 /* macaiUITestsLaunchTests.swift */; };
		4A399CC429BCE67800E98796 /* PreferencesView.swift in Sources */ = {isa = PBXBuildFile; fileRef = 4A399CC329BCE67800E98796 /* PreferencesView.swift */; };
		4A399CC629BCF02500E98796 /* ChatStore.swift in Sources */ = {isa = PBXBuildFile; fileRef = 4A399CC529BCF02500E98796 /* ChatStore.swift */; };
		4A471B862C29C56800C66926 /* SwiftMath in Frameworks */ = {isa = PBXBuildFile; productRef = 4A471B852C29C56800C66926 /* SwiftMath */; };
		4A471B882C29CD3D00C66926 /* AdaptiveMathView.swift in Sources */ = {isa = PBXBuildFile; fileRef = 4A471B872C29CD3D00C66926 /* AdaptiveMathView.swift */; };
		4A4F204B2D62650800D1F57F /* FiraCode-VF.ttf in Resources */ = {isa = PBXBuildFile; fileRef = 4A4F204A2D62650800D1F57F /* FiraCode-VF.ttf */; };
		4A4F204C2D62651900D1F57F /* FiraCode-VF.ttf in CopyFiles */ = {isa = PBXBuildFile; fileRef = 4A4F204A2D62650800D1F57F /* FiraCode-VF.ttf */; };
		4A51EC6229C32AF700973D83 /* Highlightr in Frameworks */ = {isa = PBXBuildFile; productRef = 4A51EC6129C32AF700973D83 /* Highlightr */; };
		4A51EC6529C32B0B00973D83 /* AttributedText in Frameworks */ = {isa = PBXBuildFile; productRef = 4A51EC6429C32B0B00973D83 /* AttributedText */; };
		4A55DCA729C264BC00A3800C /* TableView.swift in Sources */ = {isa = PBXBuildFile; fileRef = 4A55DCA629C264BC00A3800C /* TableView.swift */; };
		4A5C395229D8765200BCB534 /* OmenTextField in Frameworks */ = {isa = PBXBuildFile; productRef = 4A5C395129D8765200BCB534 /* OmenTextField */; };
		4A5F64B829C64E21000403F7 /* ChatBubbleView.swift in Sources */ = {isa = PBXBuildFile; fileRef = 4A5F64B729C64E21000403F7 /* ChatBubbleView.swift */; };
		4A5F64BA29C64F9D000403F7 /* ChatView.swift in Sources */ = {isa = PBXBuildFile; fileRef = 4A5F64B929C64F9D000403F7 /* ChatView.swift */; };
		4A5F64BC29C653BA000403F7 /* MessageInputView.swift in Sources */ = {isa = PBXBuildFile; fileRef = 4A5F64BB29C653BA000403F7 /* MessageInputView.swift */; };
		4A5F64C129C78B64000403F7 /* SceneKitParticlesView.swift in Sources */ = {isa = PBXBuildFile; fileRef = 4A5F64C029C78B64000403F7 /* SceneKitParticlesView.swift */; };
		4A775A042C1486F3004301D3 /* Extensions.swift in Sources */ = {isa = PBXBuildFile; fileRef = 4A775A032C1486F3004301D3 /* Extensions.swift */; };
		4A79A0762CEA9FB900CB41D8 /* macaiDataModel.xcdatamodeld in Sources */ = {isa = PBXBuildFile; fileRef = 4A751D2329CBA70B006B983B /* macaiDataModel.xcdatamodeld */; };
		4A7AFF182B0147A300C34BB4 /* ButtonTestApiTokenAndModel.swift in Sources */ = {isa = PBXBuildFile; fileRef = 4A7AFF172B0147A300C34BB4 /* ButtonTestApiTokenAndModel.swift */; };
		4A7E1BDB29C910F900E57DC2 /* Sparkle in Frameworks */ = {isa = PBXBuildFile; productRef = 4A7E1BDA29C910F900E57DC2 /* Sparkle */; };
		4A885C522CEA3B130018BBED /* HTMLPreviewView.swift in Sources */ = {isa = PBXBuildFile; fileRef = 4A885C512CEA3B130018BBED /* HTMLPreviewView.swift */; };
		4A885C542CEA3D960018BBED /* PreviewStateManager.swift in Sources */ = {isa = PBXBuildFile; fileRef = 4A885C532CEA3D960018BBED /* PreviewStateManager.swift */; };
		4A885C562CEA3F6C0018BBED /* ChatListView.swift in Sources */ = {isa = PBXBuildFile; fileRef = 4A885C552CEA3F6C0018BBED /* ChatListView.swift */; };
		4A885C582CEA3F7B0018BBED /* ChatListRow.swift in Sources */ = {isa = PBXBuildFile; fileRef = 4A885C572CEA3F7B0018BBED /* ChatListRow.swift */; };
		4A8A78C82D4C41A00057A6CC /* TabGeneralSettingsView.swift in Sources */ = {isa = PBXBuildFile; fileRef = 4A8A78C72D4C41980057A6CC /* TabGeneralSettingsView.swift */; };
		4A8E2E0B2C56FCFD00F077F2 /* ChatViewModel.swift in Sources */ = {isa = PBXBuildFile; fileRef = 4A8E2E0A2C56FCFD00F077F2 /* ChatViewModel.swift */; };
		4A98B1C029CA60ED0064835A /* Info.plist in Resources */ = {isa = PBXBuildFile; fileRef = 4A98B1BF29CA60ED0064835A /* Info.plist */; };
		4AA681C72D3DAB40005C4E6E /* ChatBottomContainerView.swift in Sources */ = {isa = PBXBuildFile; fileRef = 4AA681C62D3DAB40005C4E6E /* ChatBottomContainerView.swift */; };
		4AA6EF592C565F90003B6D41 /* APIServiceConfig.swift in Sources */ = {isa = PBXBuildFile; fileRef = 4AA6EF582C565F90003B6D41 /* APIServiceConfig.swift */; };
		4AA6EF5B2C565FDF003B6D41 /* APIServiceFactory.swift in Sources */ = {isa = PBXBuildFile; fileRef = 4AA6EF5A2C565FDF003B6D41 /* APIServiceFactory.swift */; };
		4AA6EF5D2C566009003B6D41 /* MessageManager.swift in Sources */ = {isa = PBXBuildFile; fileRef = 4AA6EF5C2C566009003B6D41 /* MessageManager.swift */; };
		4AADD98C2C924FBA00242D20 /* APIServiceManager.swift in Sources */ = {isa = PBXBuildFile; fileRef = 4AADD98B2C924FB400242D20 /* APIServiceManager.swift */; };
		4AADF71F2C9CE788001B7A26 /* ClaudeHandler.swift in Sources */ = {isa = PBXBuildFile; fileRef = 4AADF71E2C9CE780001B7A26 /* ClaudeHandler.swift */; };
		4AB4B08D2D75099E00CA41B6 /* DeepseekHandler.swift in Sources */ = {isa = PBXBuildFile; fileRef = 4AB4B08C2D75099E00CA41B6 /* DeepseekHandler.swift */; };
		4AB4B0912D778B1D00CA41B6 /* OpenRouterHandler.swift in Sources */ = {isa = PBXBuildFile; fileRef = 4AB4B0902D778B1D00CA41B6 /* OpenRouterHandler.swift */; };
		4ABB86792CFBDBD3004EC7B1 /* HighlightedText.swift in Sources */ = {isa = PBXBuildFile; fileRef = 4ABB86782CFBDBD3004EC7B1 /* HighlightedText.swift */; };
		4ABB867B2CFC79ED004EC7B1 /* ErrorBubbleView.swift in Sources */ = {isa = PBXBuildFile; fileRef = 4ABB867A2CFC79ED004EC7B1 /* ErrorBubbleView.swift */; };
		4ABDBE6629F86B5900661B2D /* MessageParser.swift in Sources */ = {isa = PBXBuildFile; fileRef = 4ABDBE6529F86B5900661B2D /* MessageParser.swift */; };
		4ABDBE6B29F86E8D00661B2D /* MessageParserTests.swift in Sources */ = {isa = PBXBuildFile; fileRef = 4ABDBE6A29F86E8D00661B2D /* MessageParserTests.swift */; };
		4ACAD6632C13AE8F0081BDAC /* CodeView.swift in Sources */ = {isa = PBXBuildFile; fileRef = 4ACAD6622C13AE8F0081BDAC /* CodeView.swift */; };
		4ACE2FB82D61656000DEEA6D /* SwipeModifier.swift in Sources */ = {isa = PBXBuildFile; fileRef = 4ACE2FB72D61656000DEEA6D /* SwipeModifier.swift */; };
		4ADCA45B2C9B74E8005664A6 /* APIServiceDetailViewModel.swift in Sources */ = {isa = PBXBuildFile; fileRef = 4ADCA45A2C9B74E8005664A6 /* APIServiceDetailViewModel.swift */; };
		4AE3CEB72C93A88D00A9CF4C /* TabAPIServicesView.swift in Sources */ = {isa = PBXBuildFile; fileRef = 4AE3CEB62C93A86F00A9CF4C /* TabAPIServicesView.swift */; };
		4AE3CEB92C93AEA800A9CF4C /* APIServiceDetailView.swift in Sources */ = {isa = PBXBuildFile; fileRef = 4AE3CEB82C93AEA200A9CF4C /* APIServiceDetailView.swift */; };
		4AE8691B2D5696A300E3B3AC /* GeminiHandler.swift in Sources */ = {isa = PBXBuildFile; fileRef = 4AE8691A2D56969700E3B3AC /* GeminiHandler.swift */; };
		4AEB7E1B2C8D04A70004818C /* DatabasePatcher.swift in Sources */ = {isa = PBXBuildFile; fileRef = 4AEB7E1A2C8D04A30004818C /* DatabasePatcher.swift */; };
		4AFDEB7C2AFF90C000BA8642 /* TabBackupRestoreView.swift in Sources */ = {isa = PBXBuildFile; fileRef = 4AFDEB7B2AFF90C000BA8642 /* TabBackupRestoreView.swift */; };
		4AFDEB7E2AFF90FB00BA8642 /* TabDangerZoneView.swift in Sources */ = {isa = PBXBuildFile; fileRef = 4AFDEB7D2AFF90FB00BA8642 /* TabDangerZoneView.swift */; };
		4AFEE7212C472F53006F99FB /* APIProtocol.swift in Sources */ = {isa = PBXBuildFile; fileRef = 4AFEE7202C472F53006F99FB /* APIProtocol.swift */; };
		4AFEE7232C472FA1006F99FB /* ChatGPTHandler.swift in Sources */ = {isa = PBXBuildFile; fileRef = 4AFEE7222C472FA1006F99FB /* ChatGPTHandler.swift */; };
		4AFEE7252C472FB1006F99FB /* OllamaHandler.swift in Sources */ = {isa = PBXBuildFile; fileRef = 4AFEE7242C472FB1006F99FB /* OllamaHandler.swift */; };
/* End PBXBuildFile section */

/* Begin PBXContainerItemProxy section */
		4A399CA729BC8FF200E98796 /* PBXContainerItemProxy */ = {
			isa = PBXContainerItemProxy;
			containerPortal = 4A399C8D29BC8FEF00E98796 /* Project object */;
			proxyType = 1;
			remoteGlobalIDString = 4A399C9429BC8FEF00E98796;
			remoteInfo = macai;
		};
		4A399CB129BC8FF200E98796 /* PBXContainerItemProxy */ = {
			isa = PBXContainerItemProxy;
			containerPortal = 4A399C8D29BC8FEF00E98796 /* Project object */;
			proxyType = 1;
			remoteGlobalIDString = 4A399C9429BC8FEF00E98796;
			remoteInfo = macai;
		};
/* End PBXContainerItemProxy section */

/* Begin PBXCopyFilesBuildPhase section */
		4A4F20452D625EBE00D1F57F /* CopyFiles */ = {
			isa = PBXCopyFilesBuildPhase;
			buildActionMask = 2147483647;
			dstPath = fonts;
			dstSubfolderSpec = 7;
			files = (
				4A4F204C2D62651900D1F57F /* FiraCode-VF.ttf in CopyFiles */,
			);
			runOnlyForDeploymentPostprocessing = 0;
		};
/* End PBXCopyFilesBuildPhase section */

/* Begin PBXFileReference section */
		4A0BCBBB2D5199140033AB96 /* ButtonWithStatusIndicator.swift */ = {isa = PBXFileReference; lastKnownFileType = sourcecode.swift; path = ButtonWithStatusIndicator.swift; sourceTree = "<group>"; };
		4A0E02842D0F571000D2FAF3 /* PerplexityHandler.swift */ = {isa = PBXFileReference; lastKnownFileType = sourcecode.swift; path = PerplexityHandler.swift; sourceTree = "<group>"; };
		4A1614102D430AE300A1EF8D /* ThinkingProcessView.swift */ = {isa = PBXFileReference; lastKnownFileType = sourcecode.swift; path = ThinkingProcessView.swift; sourceTree = "<group>"; };
		4A1614122D46B9BA00A1EF8D /* SystemMessageBubbleView.swift */ = {isa = PBXFileReference; lastKnownFileType = sourcecode.swift; path = SystemMessageBubbleView.swift; sourceTree = "<group>"; };
		4A1614142D46C86800A1EF8D /* PersonaSelectorView.swift */ = {isa = PBXFileReference; lastKnownFileType = sourcecode.swift; path = PersonaSelectorView.swift; sourceTree = "<group>"; };
		4A194C052C9633BC003C8782 /* EntityListView.swift */ = {isa = PBXFileReference; lastKnownFileType = sourcecode.swift; path = EntityListView.swift; sourceTree = "<group>"; };
		4A1F0A0929CEFB7F002A139A /* MessageCell.swift */ = {isa = PBXFileReference; lastKnownFileType = sourcecode.swift; path = MessageCell.swift; sourceTree = "<group>"; };
		4A1F0A0B29CF02CA002A139A /* WelcomeScreen.swift */ = {isa = PBXFileReference; lastKnownFileType = sourcecode.swift; path = WelcomeScreen.swift; sourceTree = "<group>"; };
		4A254A6C2CEA69EB00F66935 /* HighlighterManager.swift */ = {isa = PBXFileReference; lastKnownFileType = sourcecode.swift; path = HighlighterManager.swift; sourceTree = "<group>"; };
		4A254A6E2CEA6A2400F66935 /* CodeViewModel.swift */ = {isa = PBXFileReference; lastKnownFileType = sourcecode.swift; path = CodeViewModel.swift; sourceTree = "<group>"; };
		4A270AE229D4AFE7005E063C /* AppConstants.swift */ = {isa = PBXFileReference; lastKnownFileType = sourcecode.swift; path = AppConstants.swift; sourceTree = "<group>"; };
		4A272A7329F5DAA800F93D0D /* Models.swift */ = {isa = PBXFileReference; lastKnownFileType = sourcecode.swift; path = Models.swift; sourceTree = "<group>"; };
		4A28424A2C87018800E5C920 /* TokenManager.swift */ = {isa = PBXFileReference; lastKnownFileType = sourcecode.swift; path = TokenManager.swift; sourceTree = "<group>"; };
		4A2B9E942CE1272E00C8042F /* RequestMessagesTransformer.swift */ = {isa = PBXFileReference; lastKnownFileType = sourcecode.swift; path = RequestMessagesTransformer.swift; sourceTree = "<group>"; };
		4A2D3CEA2D5794B00082A262 /* ThemeMode.swift */ = {isa = PBXFileReference; lastKnownFileType = sourcecode.swift; path = ThemeMode.swift; sourceTree = "<group>"; };
		4A315DB12C8CD8410095ABD1 /* TabAIPersonasView.swift */ = {isa = PBXFileReference; lastKnownFileType = sourcecode.swift; path = TabAIPersonasView.swift; sourceTree = "<group>"; };
		4A37B8542C2A399800F36CC4 /* Credits.rtf */ = {isa = PBXFileReference; lastKnownFileType = text.rtf; path = Credits.rtf; sourceTree = "<group>"; };
		4A399C9529BC8FEF00E98796 /* macai.app */ = {isa = PBXFileReference; explicitFileType = wrapper.application; includeInIndex = 0; path = macai.app; sourceTree = BUILT_PRODUCTS_DIR; };
		4A399C9829BC8FEF00E98796 /* macaiApp.swift */ = {isa = PBXFileReference; lastKnownFileType = sourcecode.swift; path = macaiApp.swift; sourceTree = "<group>"; };
		4A399C9A29BC8FEF00E98796 /* ContentView.swift */ = {isa = PBXFileReference; lastKnownFileType = sourcecode.swift; path = ContentView.swift; sourceTree = "<group>"; };
		4A399C9C29BC8FF100E98796 /* Assets.xcassets */ = {isa = PBXFileReference; lastKnownFileType = folder.assetcatalog; path = Assets.xcassets; sourceTree = "<group>"; };
		4A399C9E29BC8FF100E98796 /* macai.entitlements */ = {isa = PBXFileReference; lastKnownFileType = text.plist.entitlements; path = macai.entitlements; sourceTree = "<group>"; };
		4A399CA029BC8FF100E98796 /* Preview Assets.xcassets */ = {isa = PBXFileReference; lastKnownFileType = folder.assetcatalog; path = "Preview Assets.xcassets"; sourceTree = "<group>"; };
		4A399CA629BC8FF200E98796 /* macaiTests.xctest */ = {isa = PBXFileReference; explicitFileType = wrapper.cfbundle; includeInIndex = 0; path = macaiTests.xctest; sourceTree = BUILT_PRODUCTS_DIR; };
		4A399CB029BC8FF200E98796 /* macaiUITests.xctest */ = {isa = PBXFileReference; explicitFileType = wrapper.cfbundle; includeInIndex = 0; path = macaiUITests.xctest; sourceTree = BUILT_PRODUCTS_DIR; };
		4A399CB429BC8FF200E98796 /* macaiUITests.swift */ = {isa = PBXFileReference; lastKnownFileType = sourcecode.swift; path = macaiUITests.swift; sourceTree = "<group>"; };
		4A399CB629BC8FF200E98796 /* macaiUITestsLaunchTests.swift */ = {isa = PBXFileReference; lastKnownFileType = sourcecode.swift; path = macaiUITestsLaunchTests.swift; sourceTree = "<group>"; };
		4A399CC329BCE67800E98796 /* PreferencesView.swift */ = {isa = PBXFileReference; lastKnownFileType = sourcecode.swift; path = PreferencesView.swift; sourceTree = "<group>"; };
		4A399CC529BCF02500E98796 /* ChatStore.swift */ = {isa = PBXFileReference; lastKnownFileType = sourcecode.swift; path = ChatStore.swift; sourceTree = "<group>"; };
		4A471B872C29CD3D00C66926 /* AdaptiveMathView.swift */ = {isa = PBXFileReference; lastKnownFileType = sourcecode.swift; path = AdaptiveMathView.swift; sourceTree = "<group>"; };
		4A4F204A2D62650800D1F57F /* FiraCode-VF.ttf */ = {isa = PBXFileReference; lastKnownFileType = file; path = "FiraCode-VF.ttf"; sourceTree = "<group>"; };
		4A55DCA629C264BC00A3800C /* TableView.swift */ = {isa = PBXFileReference; lastKnownFileType = sourcecode.swift; path = TableView.swift; sourceTree = "<group>"; };
		4A5F64B729C64E21000403F7 /* ChatBubbleView.swift */ = {isa = PBXFileReference; lastKnownFileType = sourcecode.swift; path = ChatBubbleView.swift; sourceTree = "<group>"; };
		4A5F64B929C64F9D000403F7 /* ChatView.swift */ = {isa = PBXFileReference; lastKnownFileType = sourcecode.swift; path = ChatView.swift; sourceTree = "<group>"; };
		4A5F64BB29C653BA000403F7 /* MessageInputView.swift */ = {isa = PBXFileReference; lastKnownFileType = sourcecode.swift; path = MessageInputView.swift; sourceTree = "<group>"; };
		4A5F64C029C78B64000403F7 /* SceneKitParticlesView.swift */ = {isa = PBXFileReference; lastKnownFileType = sourcecode.swift; path = SceneKitParticlesView.swift; sourceTree = "<group>"; };
		4A751D2429CBA70B006B983B /* macaiDataModel.xcdatamodel */ = {isa = PBXFileReference; lastKnownFileType = wrapper.xcdatamodel; path = macaiDataModel.xcdatamodel; sourceTree = "<group>"; };
		4A775A032C1486F3004301D3 /* Extensions.swift */ = {isa = PBXFileReference; lastKnownFileType = sourcecode.swift; path = Extensions.swift; sourceTree = "<group>"; };
		4A7AFF172B0147A300C34BB4 /* ButtonTestApiTokenAndModel.swift */ = {isa = PBXFileReference; lastKnownFileType = sourcecode.swift; path = ButtonTestApiTokenAndModel.swift; sourceTree = "<group>"; };
		4A885C512CEA3B130018BBED /* HTMLPreviewView.swift */ = {isa = PBXFileReference; lastKnownFileType = sourcecode.swift; path = HTMLPreviewView.swift; sourceTree = "<group>"; };
		4A885C532CEA3D960018BBED /* PreviewStateManager.swift */ = {isa = PBXFileReference; lastKnownFileType = sourcecode.swift; path = PreviewStateManager.swift; sourceTree = "<group>"; };
		4A885C552CEA3F6C0018BBED /* ChatListView.swift */ = {isa = PBXFileReference; lastKnownFileType = sourcecode.swift; path = ChatListView.swift; sourceTree = "<group>"; };
		4A885C572CEA3F7B0018BBED /* ChatListRow.swift */ = {isa = PBXFileReference; lastKnownFileType = sourcecode.swift; path = ChatListRow.swift; sourceTree = "<group>"; };
		4A8A78C72D4C41980057A6CC /* TabGeneralSettingsView.swift */ = {isa = PBXFileReference; lastKnownFileType = sourcecode.swift; path = TabGeneralSettingsView.swift; sourceTree = "<group>"; };
		4A8E2E0A2C56FCFD00F077F2 /* ChatViewModel.swift */ = {isa = PBXFileReference; lastKnownFileType = sourcecode.swift; path = ChatViewModel.swift; sourceTree = "<group>"; };
		4A98B1BF29CA60ED0064835A /* Info.plist */ = {isa = PBXFileReference; lastKnownFileType = text.plist.xml; path = Info.plist; sourceTree = "<group>"; };
		4AA681C62D3DAB40005C4E6E /* ChatBottomContainerView.swift */ = {isa = PBXFileReference; lastKnownFileType = sourcecode.swift; path = ChatBottomContainerView.swift; sourceTree = "<group>"; };
		4AA6EF582C565F90003B6D41 /* APIServiceConfig.swift */ = {isa = PBXFileReference; lastKnownFileType = sourcecode.swift; path = APIServiceConfig.swift; sourceTree = "<group>"; };
		4AA6EF5A2C565FDF003B6D41 /* APIServiceFactory.swift */ = {isa = PBXFileReference; lastKnownFileType = sourcecode.swift; path = APIServiceFactory.swift; sourceTree = "<group>"; };
		4AA6EF5C2C566009003B6D41 /* MessageManager.swift */ = {isa = PBXFileReference; lastKnownFileType = sourcecode.swift; path = MessageManager.swift; sourceTree = "<group>"; };
		4AADD98B2C924FB400242D20 /* APIServiceManager.swift */ = {isa = PBXFileReference; lastKnownFileType = sourcecode.swift; path = APIServiceManager.swift; sourceTree = "<group>"; };
		4AADF71E2C9CE780001B7A26 /* ClaudeHandler.swift */ = {isa = PBXFileReference; lastKnownFileType = sourcecode.swift; path = ClaudeHandler.swift; sourceTree = "<group>"; };
		4AB4B08C2D75099E00CA41B6 /* DeepseekHandler.swift */ = {isa = PBXFileReference; lastKnownFileType = sourcecode.swift; path = DeepseekHandler.swift; sourceTree = "<group>"; };
		4AB4B0902D778B1D00CA41B6 /* OpenRouterHandler.swift */ = {isa = PBXFileReference; lastKnownFileType = sourcecode.swift; path = OpenRouterHandler.swift; sourceTree = "<group>"; };
		4ABB86782CFBDBD3004EC7B1 /* HighlightedText.swift */ = {isa = PBXFileReference; lastKnownFileType = sourcecode.swift; path = HighlightedText.swift; sourceTree = "<group>"; };
		4ABB867A2CFC79ED004EC7B1 /* ErrorBubbleView.swift */ = {isa = PBXFileReference; lastKnownFileType = sourcecode.swift; path = ErrorBubbleView.swift; sourceTree = "<group>"; };
		4ABDBE6529F86B5900661B2D /* MessageParser.swift */ = {isa = PBXFileReference; lastKnownFileType = sourcecode.swift; path = MessageParser.swift; sourceTree = "<group>"; };
		4ABDBE6A29F86E8D00661B2D /* MessageParserTests.swift */ = {isa = PBXFileReference; lastKnownFileType = sourcecode.swift; path = MessageParserTests.swift; sourceTree = "<group>"; };
		4ACAD6622C13AE8F0081BDAC /* CodeView.swift */ = {isa = PBXFileReference; lastKnownFileType = sourcecode.swift; path = CodeView.swift; sourceTree = "<group>"; };
		4ACE2FB72D61656000DEEA6D /* SwipeModifier.swift */ = {isa = PBXFileReference; lastKnownFileType = sourcecode.swift; path = SwipeModifier.swift; sourceTree = "<group>"; };
		4ADCA45A2C9B74E8005664A6 /* APIServiceDetailViewModel.swift */ = {isa = PBXFileReference; lastKnownFileType = sourcecode.swift; path = APIServiceDetailViewModel.swift; sourceTree = "<group>"; };
		4AE3CEB62C93A86F00A9CF4C /* TabAPIServicesView.swift */ = {isa = PBXFileReference; lastKnownFileType = sourcecode.swift; path = TabAPIServicesView.swift; sourceTree = "<group>"; };
		4AE3CEB82C93AEA200A9CF4C /* APIServiceDetailView.swift */ = {isa = PBXFileReference; lastKnownFileType = sourcecode.swift; path = APIServiceDetailView.swift; sourceTree = "<group>"; };
		4AE8691A2D56969700E3B3AC /* GeminiHandler.swift */ = {isa = PBXFileReference; lastKnownFileType = sourcecode.swift; path = GeminiHandler.swift; sourceTree = "<group>"; };
		4AEB7E1A2C8D04A30004818C /* DatabasePatcher.swift */ = {isa = PBXFileReference; lastKnownFileType = sourcecode.swift; path = DatabasePatcher.swift; sourceTree = "<group>"; };
		4AFDEB7B2AFF90C000BA8642 /* TabBackupRestoreView.swift */ = {isa = PBXFileReference; lastKnownFileType = sourcecode.swift; path = TabBackupRestoreView.swift; sourceTree = "<group>"; };
		4AFDEB7D2AFF90FB00BA8642 /* TabDangerZoneView.swift */ = {isa = PBXFileReference; lastKnownFileType = sourcecode.swift; path = TabDangerZoneView.swift; sourceTree = "<group>"; };
		4AFEE7202C472F53006F99FB /* APIProtocol.swift */ = {isa = PBXFileReference; lastKnownFileType = sourcecode.swift; path = APIProtocol.swift; sourceTree = "<group>"; };
		4AFEE7222C472FA1006F99FB /* ChatGPTHandler.swift */ = {isa = PBXFileReference; lastKnownFileType = sourcecode.swift; path = ChatGPTHandler.swift; sourceTree = "<group>"; };
		4AFEE7242C472FB1006F99FB /* OllamaHandler.swift */ = {isa = PBXFileReference; lastKnownFileType = sourcecode.swift; path = OllamaHandler.swift; sourceTree = "<group>"; };
/* End PBXFileReference section */

/* Begin PBXFrameworksBuildPhase section */
		4A399C9229BC8FEF00E98796 /* Frameworks */ = {
			isa = PBXFrameworksBuildPhase;
			buildActionMask = 2147483647;
			files = (
				4A51EC6229C32AF700973D83 /* Highlightr in Frameworks */,
				4A5C395229D8765200BCB534 /* OmenTextField in Frameworks */,
				4A2842492C87014800E5C920 /* KeychainAccess in Frameworks */,
				4A471B862C29C56800C66926 /* SwiftMath in Frameworks */,
				4A7E1BDB29C910F900E57DC2 /* Sparkle in Frameworks */,
				4A51EC6529C32B0B00973D83 /* AttributedText in Frameworks */,
			);
			runOnlyForDeploymentPostprocessing = 0;
		};
		4A399CA329BC8FF200E98796 /* Frameworks */ = {
			isa = PBXFrameworksBuildPhase;
			buildActionMask = 2147483647;
			files = (
			);
			runOnlyForDeploymentPostprocessing = 0;
		};
		4A399CAD29BC8FF200E98796 /* Frameworks */ = {
			isa = PBXFrameworksBuildPhase;
			buildActionMask = 2147483647;
			files = (
			);
			runOnlyForDeploymentPostprocessing = 0;
		};
/* End PBXFrameworksBuildPhase section */

/* Begin PBXGroup section */
		4A1614162D46C88900A1EF8D /* BottomContainer */ = {
			isa = PBXGroup;
			children = (
				4A1614142D46C86800A1EF8D /* PersonaSelectorView.swift */,
				4AA681C62D3DAB40005C4E6E /* ChatBottomContainerView.swift */,
			);
			path = BottomContainer;
			sourceTree = "<group>";
		};
		4A1614172D46C89F00A1EF8D /* BubbleView */ = {
			isa = PBXGroup;
			children = (
				4A5F64B729C64E21000403F7 /* ChatBubbleView.swift */,
				4A1614122D46B9BA00A1EF8D /* SystemMessageBubbleView.swift */,
				4ABB867A2CFC79ED004EC7B1 /* ErrorBubbleView.swift */,
			);
			path = BubbleView;
			sourceTree = "<group>";
		};
		4A164BB82C95CC450060ECFE /* TabAPIServices */ = {
			isa = PBXGroup;
			children = (
				4ADCA45A2C9B74E8005664A6 /* APIServiceDetailViewModel.swift */,
				4AE3CEB82C93AEA200A9CF4C /* APIServiceDetailView.swift */,
				4A7AFF172B0147A300C34BB4 /* ButtonTestApiTokenAndModel.swift */,
			);
			path = TabAPIServices;
			sourceTree = "<group>";
		};
		4A164BB92C962E520060ECFE /* Components */ = {
			isa = PBXGroup;
			children = (
				4A2D3CEA2D5794B00082A262 /* ThemeMode.swift */,
				4A0BCBBB2D5199140033AB96 /* ButtonWithStatusIndicator.swift */,
				4ABB86782CFBDBD3004EC7B1 /* HighlightedText.swift */,
				4A194C052C9633BC003C8782 /* EntityListView.swift */,
			);
			path = Components;
			sourceTree = "<group>";
		};
		4A254A6B2CEA69DF00F66935 /* CodeView */ = {
			isa = PBXGroup;
			children = (
				4A254A6E2CEA6A2400F66935 /* CodeViewModel.swift */,
				4A254A6C2CEA69EB00F66935 /* HighlighterManager.swift */,
				4ACAD6622C13AE8F0081BDAC /* CodeView.swift */,
			);
			path = CodeView;
			sourceTree = "<group>";
		};
		4A272A6729F5CB5300F93D0D /* Chat */ = {
			isa = PBXGroup;
			children = (
				4A1614172D46C89F00A1EF8D /* BubbleView */,
				4A1614162D46C88900A1EF8D /* BottomContainer */,
				4A1614102D430AE300A1EF8D /* ThinkingProcessView.swift */,
				4A254A6B2CEA69DF00F66935 /* CodeView */,
				4A885C512CEA3B130018BBED /* HTMLPreviewView.swift */,
				4A5F64B929C64F9D000403F7 /* ChatView.swift */,
				4A5F64BB29C653BA000403F7 /* MessageInputView.swift */,
				4A55DCA629C264BC00A3800C /* TableView.swift */,
				4A471B872C29CD3D00C66926 /* AdaptiveMathView.swift */,
				4A8E2E0A2C56FCFD00F077F2 /* ChatViewModel.swift */,
			);
			path = Chat;
			sourceTree = "<group>";
		};
		4A272A6929F5CD4700F93D0D /* Preferences */ = {
			isa = PBXGroup;
			children = (
				4A8A78C72D4C41980057A6CC /* TabGeneralSettingsView.swift */,
				4A164BB82C95CC450060ECFE /* TabAPIServices */,
				4AE3CEB62C93A86F00A9CF4C /* TabAPIServicesView.swift */,
				4A399CC329BCE67800E98796 /* PreferencesView.swift */,
				4AFDEB7D2AFF90FB00BA8642 /* TabDangerZoneView.swift */,
				4AFDEB7B2AFF90C000BA8642 /* TabBackupRestoreView.swift */,
				4A315DB12C8CD8410095ABD1 /* TabAIPersonasView.swift */,
			);
			path = Preferences;
			sourceTree = "<group>";
		};
		4A272A6A29F5CD5E00F93D0D /* Store */ = {
			isa = PBXGroup;
			children = (
				4A751D2329CBA70B006B983B /* macaiDataModel.xcdatamodeld */,
				4A399CC529BCF02500E98796 /* ChatStore.swift */,
			);
			path = Store;
			sourceTree = "<group>";
		};
		4A272A6B29F5CD7500F93D0D /* ChatList */ = {
			isa = PBXGroup;
			children = (
				4A885C572CEA3F7B0018BBED /* ChatListRow.swift */,
				4A885C552CEA3F6C0018BBED /* ChatListView.swift */,
				4A1F0A0929CEFB7F002A139A /* MessageCell.swift */,
			);
			path = ChatList;
			sourceTree = "<group>";
		};
		4A272A6C29F5CD9D00F93D0D /* WelcomeScreen */ = {
			isa = PBXGroup;
			children = (
				4A5F64C029C78B64000403F7 /* SceneKitParticlesView.swift */,
				4A1F0A0B29CF02CA002A139A /* WelcomeScreen.swift */,
			);
			path = WelcomeScreen;
			sourceTree = "<group>";
		};
		4A272A6D29F5CE0D00F93D0D /* UI */ = {
			isa = PBXGroup;
			children = (
				4A885C532CEA3D960018BBED /* PreviewStateManager.swift */,
				4A164BB92C962E520060ECFE /* Components */,
				4A399C9A29BC8FEF00E98796 /* ContentView.swift */,
				4A272A6C29F5CD9D00F93D0D /* WelcomeScreen */,
				4A272A6B29F5CD7500F93D0D /* ChatList */,
				4A272A6929F5CD4700F93D0D /* Preferences */,
				4A272A6729F5CB5300F93D0D /* Chat */,
			);
			path = UI;
			sourceTree = "<group>";
		};
		4A272A6E29F5CE3900F93D0D /* Models */ = {
			isa = PBXGroup;
			children = (
				4A2B9E942CE1272E00C8042F /* RequestMessagesTransformer.swift */,
				4A272A7329F5DAA800F93D0D /* Models.swift */,
			);
			path = Models;
			sourceTree = "<group>";
		};
		4A272A6F29F5CE5700F93D0D /* Resources */ = {
			isa = PBXGroup;
			children = (
			);
			path = Resources;
			sourceTree = "<group>";
		};
		4A272A7029F5D9C200F93D0D /* Utilities */ = {
			isa = PBXGroup;
			children = (
				4ACE2FB72D61656000DEEA6D /* SwipeModifier.swift */,
				4AADD98B2C924FB400242D20 /* APIServiceManager.swift */,
				4AEB7E1A2C8D04A30004818C /* DatabasePatcher.swift */,
				4A28424A2C87018800E5C920 /* TokenManager.swift */,
				4AFEE71F2C472F29006F99FB /* APIHandlers */,
				4ABDBE6529F86B5900661B2D /* MessageParser.swift */,
				4A775A032C1486F3004301D3 /* Extensions.swift */,
				4AA6EF5C2C566009003B6D41 /* MessageManager.swift */,
			);
			path = Utilities;
			sourceTree = "<group>";
		};
		4A399C8C29BC8FEF00E98796 = {
			isa = PBXGroup;
			children = (
				4A37B8542C2A399800F36CC4 /* Credits.rtf */,
				4A399C9729BC8FEF00E98796 /* macai */,
				4A399CA929BC8FF200E98796 /* macaiTests */,
				4A399CB329BC8FF200E98796 /* macaiUITests */,
				4A399C9629BC8FEF00E98796 /* Products */,
				4A5C394629D834DC00BCB534 /* Frameworks */,
			);
			sourceTree = "<group>";
		};
		4A399C9629BC8FEF00E98796 /* Products */ = {
			isa = PBXGroup;
			children = (
				4A399C9529BC8FEF00E98796 /* macai.app */,
				4A399CA629BC8FF200E98796 /* macaiTests.xctest */,
				4A399CB029BC8FF200E98796 /* macaiUITests.xctest */,
			);
			name = Products;
			sourceTree = "<group>";
		};
		4A399C9729BC8FEF00E98796 /* macai */ = {
			isa = PBXGroup;
			children = (
				4A4F204A2D62650800D1F57F /* FiraCode-VF.ttf */,
				4A399C9C29BC8FF100E98796 /* Assets.xcassets */,
				4A399CA029BC8FF100E98796 /* Preview Assets.xcassets */,
				4ABDBE6429F86B3900661B2D /* Configuration */,
				4A272A7029F5D9C200F93D0D /* Utilities */,
				4A272A6F29F5CE5700F93D0D /* Resources */,
				4A272A6A29F5CD5E00F93D0D /* Store */,
				4A272A6E29F5CE3900F93D0D /* Models */,
				4A272A6D29F5CE0D00F93D0D /* UI */,
				4A399C9829BC8FEF00E98796 /* macaiApp.swift */,
				4A98B1BF29CA60ED0064835A /* Info.plist */,
				4A399C9E29BC8FF100E98796 /* macai.entitlements */,
			);
			path = macai;
			sourceTree = "<group>";
		};
		4A399CA929BC8FF200E98796 /* macaiTests */ = {
			isa = PBXGroup;
			children = (
				4ABDBE6729F86E6300661B2D /* Utilities */,
			);
			path = macaiTests;
			sourceTree = "<group>";
		};
		4A399CB329BC8FF200E98796 /* macaiUITests */ = {
			isa = PBXGroup;
			children = (
				4A399CB429BC8FF200E98796 /* macaiUITests.swift */,
				4A399CB629BC8FF200E98796 /* macaiUITestsLaunchTests.swift */,
			);
			path = macaiUITests;
			sourceTree = "<group>";
		};
		4A5C394629D834DC00BCB534 /* Frameworks */ = {
			isa = PBXGroup;
			children = (
			);
			name = Frameworks;
			sourceTree = "<group>";
		};
		4ABDBE6429F86B3900661B2D /* Configuration */ = {
			isa = PBXGroup;
			children = (
				4A270AE229D4AFE7005E063C /* AppConstants.swift */,
			);
			path = Configuration;
			sourceTree = "<group>";
		};
		4ABDBE6729F86E6300661B2D /* Utilities */ = {
			isa = PBXGroup;
			children = (
				4ABDBE6A29F86E8D00661B2D /* MessageParserTests.swift */,
			);
			path = Utilities;
			sourceTree = "<group>";
		};
		4AFEE71F2C472F29006F99FB /* APIHandlers */ = {
			isa = PBXGroup;
			children = (
				4AB4B0902D778B1D00CA41B6 /* OpenRouterHandler.swift */,
				4AB4B08C2D75099E00CA41B6 /* DeepseekHandler.swift */,
				4AE8691A2D56969700E3B3AC /* GeminiHandler.swift */,
				4A0E02842D0F571000D2FAF3 /* PerplexityHandler.swift */,
				4AADF71E2C9CE780001B7A26 /* ClaudeHandler.swift */,
				4AFEE7202C472F53006F99FB /* APIProtocol.swift */,
				4AFEE7222C472FA1006F99FB /* ChatGPTHandler.swift */,
				4AFEE7242C472FB1006F99FB /* OllamaHandler.swift */,
				4AA6EF582C565F90003B6D41 /* APIServiceConfig.swift */,
				4AA6EF5A2C565FDF003B6D41 /* APIServiceFactory.swift */,
			);
			path = APIHandlers;
			sourceTree = "<group>";
		};
/* End PBXGroup section */

/* Begin PBXNativeTarget section */
		4A399C9429BC8FEF00E98796 /* macai */ = {
			isa = PBXNativeTarget;
			buildConfigurationList = 4A399CBA29BC8FF200E98796 /* Build configuration list for PBXNativeTarget "macai" */;
			buildPhases = (
				4A399C9129BC8FEF00E98796 /* Sources */,
				4A399C9229BC8FEF00E98796 /* Frameworks */,
				4A399C9329BC8FEF00E98796 /* Resources */,
				4A4F20452D625EBE00D1F57F /* CopyFiles */,
			);
			buildRules = (
			);
			dependencies = (
			);
			name = macai;
			packageProductDependencies = (
				4A51EC6129C32AF700973D83 /* Highlightr */,
				4A51EC6429C32B0B00973D83 /* AttributedText */,
				4A7E1BDA29C910F900E57DC2 /* Sparkle */,
				4A5C395129D8765200BCB534 /* OmenTextField */,
				4A471B852C29C56800C66926 /* SwiftMath */,
				4A2842482C87014800E5C920 /* KeychainAccess */,
			);
			productName = macai;
			productReference = 4A399C9529BC8FEF00E98796 /* macai.app */;
			productType = "com.apple.product-type.application";
		};
		4A399CA529BC8FF200E98796 /* macaiTests */ = {
			isa = PBXNativeTarget;
			buildConfigurationList = 4A399CBD29BC8FF200E98796 /* Build configuration list for PBXNativeTarget "macaiTests" */;
			buildPhases = (
				4A399CA229BC8FF200E98796 /* Sources */,
				4A399CA329BC8FF200E98796 /* Frameworks */,
				4A399CA429BC8FF200E98796 /* Resources */,
			);
			buildRules = (
			);
			dependencies = (
				4A399CA829BC8FF200E98796 /* PBXTargetDependency */,
			);
			name = macaiTests;
			productName = macaiTests;
			productReference = 4A399CA629BC8FF200E98796 /* macaiTests.xctest */;
			productType = "com.apple.product-type.bundle.unit-test";
		};
		4A399CAF29BC8FF200E98796 /* macaiUITests */ = {
			isa = PBXNativeTarget;
			buildConfigurationList = 4A399CC029BC8FF200E98796 /* Build configuration list for PBXNativeTarget "macaiUITests" */;
			buildPhases = (
				4A399CAC29BC8FF200E98796 /* Sources */,
				4A399CAD29BC8FF200E98796 /* Frameworks */,
				4A399CAE29BC8FF200E98796 /* Resources */,
			);
			buildRules = (
			);
			dependencies = (
				4A399CB229BC8FF200E98796 /* PBXTargetDependency */,
			);
			name = macaiUITests;
			productName = macaiUITests;
			productReference = 4A399CB029BC8FF200E98796 /* macaiUITests.xctest */;
			productType = "com.apple.product-type.bundle.ui-testing";
		};
/* End PBXNativeTarget section */

/* Begin PBXProject section */
		4A399C8D29BC8FEF00E98796 /* Project object */ = {
			isa = PBXProject;
			attributes = {
				BuildIndependentTargetsInParallel = 1;
				LastSwiftUpdateCheck = 1420;
				LastUpgradeCheck = 1420;
				TargetAttributes = {
					4A399C9429BC8FEF00E98796 = {
						CreatedOnToolsVersion = 14.2;
					};
					4A399CA529BC8FF200E98796 = {
						CreatedOnToolsVersion = 14.2;
						TestTargetID = 4A399C9429BC8FEF00E98796;
					};
					4A399CAF29BC8FF200E98796 = {
						CreatedOnToolsVersion = 14.2;
						TestTargetID = 4A399C9429BC8FEF00E98796;
					};
				};
			};
			buildConfigurationList = 4A399C9029BC8FEF00E98796 /* Build configuration list for PBXProject "macai" */;
			compatibilityVersion = "Xcode 14.0";
			developmentRegion = en;
			hasScannedForEncodings = 0;
			knownRegions = (
				en,
				Base,
			);
			mainGroup = 4A399C8C29BC8FEF00E98796;
			packageReferences = (
				4A51EC6029C32AF600973D83 /* XCRemoteSwiftPackageReference "Highlightr" */,
				4A51EC6329C32B0B00973D83 /* XCRemoteSwiftPackageReference "AttributedText" */,
				4A7E1BD929C910F800E57DC2 /* XCRemoteSwiftPackageReference "Sparkle" */,
				4A5C395029D8765200BCB534 /* XCRemoteSwiftPackageReference "OmenTextField" */,
				4A471B842C29C56800C66926 /* XCRemoteSwiftPackageReference "SwiftMath" */,
				4A2842472C87014800E5C920 /* XCRemoteSwiftPackageReference "KeychainAccess" */,
			);
			productRefGroup = 4A399C9629BC8FEF00E98796 /* Products */;
			projectDirPath = "";
			projectRoot = "";
			targets = (
				4A399C9429BC8FEF00E98796 /* macai */,
				4A399CA529BC8FF200E98796 /* macaiTests */,
				4A399CAF29BC8FF200E98796 /* macaiUITests */,
			);
		};
/* End PBXProject section */

/* Begin PBXResourcesBuildPhase section */
		4A399C9329BC8FEF00E98796 /* Resources */ = {
			isa = PBXResourcesBuildPhase;
			buildActionMask = 2147483647;
			files = (
				4A98B1C029CA60ED0064835A /* Info.plist in Resources */,
				4A399CA129BC8FF100E98796 /* Preview Assets.xcassets in Resources */,
				4A399C9D29BC8FF100E98796 /* Assets.xcassets in Resources */,
				4A4F204B2D62650800D1F57F /* FiraCode-VF.ttf in Resources */,
				4A37B8552C2A399800F36CC4 /* Credits.rtf in Resources */,
			);
			runOnlyForDeploymentPostprocessing = 0;
		};
		4A399CA429BC8FF200E98796 /* Resources */ = {
			isa = PBXResourcesBuildPhase;
			buildActionMask = 2147483647;
			files = (
			);
			runOnlyForDeploymentPostprocessing = 0;
		};
		4A399CAE29BC8FF200E98796 /* Resources */ = {
			isa = PBXResourcesBuildPhase;
			buildActionMask = 2147483647;
			files = (
			);
			runOnlyForDeploymentPostprocessing = 0;
		};
/* End PBXResourcesBuildPhase section */

/* Begin PBXSourcesBuildPhase section */
		4A399C9129BC8FEF00E98796 /* Sources */ = {
			isa = PBXSourcesBuildPhase;
			buildActionMask = 2147483647;
			files = (
				4A2D3CEB2D5794B10082A262 /* ThemeMode.swift in Sources */,
				4A1F0A0A29CEFB7F002A139A /* MessageCell.swift in Sources */,
				4ABB867B2CFC79ED004EC7B1 /* ErrorBubbleView.swift in Sources */,
				4A5F64B829C64E21000403F7 /* ChatBubbleView.swift in Sources */,
				4AFEE7232C472FA1006F99FB /* ChatGPTHandler.swift in Sources */,
				4A5F64C129C78B64000403F7 /* SceneKitParticlesView.swift in Sources */,
				4A5F64BC29C653BA000403F7 /* MessageInputView.swift in Sources */,
				4AB4B08D2D75099E00CA41B6 /* DeepseekHandler.swift in Sources */,
				4AE3CEB72C93A88D00A9CF4C /* TabAPIServicesView.swift in Sources */,
				4A8E2E0B2C56FCFD00F077F2 /* ChatViewModel.swift in Sources */,
				4A399C9B29BC8FEF00E98796 /* ContentView.swift in Sources */,
				4A885C522CEA3B130018BBED /* HTMLPreviewView.swift in Sources */,
				4A55DCA729C264BC00A3800C /* TableView.swift in Sources */,
				4A28424B2C87018C00E5C920 /* TokenManager.swift in Sources */,
				4ACE2FB82D61656000DEEA6D /* SwipeModifier.swift in Sources */,
				4A0BCBBC2D5199140033AB96 /* ButtonWithStatusIndicator.swift in Sources */,
				4A885C582CEA3F7B0018BBED /* ChatListRow.swift in Sources */,
				4A1F0A0C29CF02CA002A139A /* WelcomeScreen.swift in Sources */,
				4ADCA45B2C9B74E8005664A6 /* APIServiceDetailViewModel.swift in Sources */,
				4A1614152D46C86800A1EF8D /* PersonaSelectorView.swift in Sources */,
				4A1614112D430AE300A1EF8D /* ThinkingProcessView.swift in Sources */,
				4A885C562CEA3F6C0018BBED /* ChatListView.swift in Sources */,
				4AADD98C2C924FBA00242D20 /* APIServiceManager.swift in Sources */,
				4ACAD6632C13AE8F0081BDAC /* CodeView.swift in Sources */,
				4A399CC429BCE67800E98796 /* PreferencesView.swift in Sources */,
				4ABDBE6629F86B5900661B2D /* MessageParser.swift in Sources */,
				4AEB7E1B2C8D04A70004818C /* DatabasePatcher.swift in Sources */,
				4A79A0762CEA9FB900CB41D8 /* macaiDataModel.xcdatamodeld in Sources */,
				4AFDEB7C2AFF90C000BA8642 /* TabBackupRestoreView.swift in Sources */,
				4A254A6F2CEA6A2400F66935 /* CodeViewModel.swift in Sources */,
				4A2B9E952CE1272E00C8042F /* RequestMessagesTransformer.swift in Sources */,
				4AB4B0912D778B1D00CA41B6 /* OpenRouterHandler.swift in Sources */,
				4A5F64BA29C64F9D000403F7 /* ChatView.swift in Sources */,
				4AFEE7212C472F53006F99FB /* APIProtocol.swift in Sources */,
				4A885C542CEA3D960018BBED /* PreviewStateManager.swift in Sources */,
				4AA6EF5B2C565FDF003B6D41 /* APIServiceFactory.swift in Sources */,
				4AA681C72D3DAB40005C4E6E /* ChatBottomContainerView.swift in Sources */,
				4A1614132D46B9BA00A1EF8D /* SystemMessageBubbleView.swift in Sources */,
				4AA6EF592C565F90003B6D41 /* APIServiceConfig.swift in Sources */,
				4AADF71F2C9CE788001B7A26 /* ClaudeHandler.swift in Sources */,
				4A270AE329D4AFE7005E063C /* AppConstants.swift in Sources */,
				4A399C9929BC8FEF00E98796 /* macaiApp.swift in Sources */,
				4A775A042C1486F3004301D3 /* Extensions.swift in Sources */,
				4AFDEB7E2AFF90FB00BA8642 /* TabDangerZoneView.swift in Sources */,
				4A194C062C9633BC003C8782 /* EntityListView.swift in Sources */,
				4AE3CEB92C93AEA800A9CF4C /* APIServiceDetailView.swift in Sources */,
				4A399CC629BCF02500E98796 /* ChatStore.swift in Sources */,
				4A315DB22C8CD8410095ABD1 /* TabAIPersonasView.swift in Sources */,
				4A7AFF182B0147A300C34BB4 /* ButtonTestApiTokenAndModel.swift in Sources */,
				4A471B882C29CD3D00C66926 /* AdaptiveMathView.swift in Sources */,
				4A0E02852D0F571000D2FAF3 /* PerplexityHandler.swift in Sources */,
				4AA6EF5D2C566009003B6D41 /* MessageManager.swift in Sources */,
				4A254A6D2CEA69EB00F66935 /* HighlighterManager.swift in Sources */,
				4A272A7429F5DAA800F93D0D /* Models.swift in Sources */,
				4ABB86792CFBDBD3004EC7B1 /* HighlightedText.swift in Sources */,
				4A8A78C82D4C41A00057A6CC /* TabGeneralSettingsView.swift in Sources */,
				4AFEE7252C472FB1006F99FB /* OllamaHandler.swift in Sources */,
				4AE8691B2D5696A300E3B3AC /* GeminiHandler.swift in Sources */,
			);
			runOnlyForDeploymentPostprocessing = 0;
		};
		4A399CA229BC8FF200E98796 /* Sources */ = {
			isa = PBXSourcesBuildPhase;
			buildActionMask = 2147483647;
			files = (
				4ABDBE6B29F86E8D00661B2D /* MessageParserTests.swift in Sources */,
			);
			runOnlyForDeploymentPostprocessing = 0;
		};
		4A399CAC29BC8FF200E98796 /* Sources */ = {
			isa = PBXSourcesBuildPhase;
			buildActionMask = 2147483647;
			files = (
				4A399CB729BC8FF200E98796 /* macaiUITestsLaunchTests.swift in Sources */,
				4A399CB529BC8FF200E98796 /* macaiUITests.swift in Sources */,
			);
			runOnlyForDeploymentPostprocessing = 0;
		};
/* End PBXSourcesBuildPhase section */

/* Begin PBXTargetDependency section */
		4A399CA829BC8FF200E98796 /* PBXTargetDependency */ = {
			isa = PBXTargetDependency;
			target = 4A399C9429BC8FEF00E98796 /* macai */;
			targetProxy = 4A399CA729BC8FF200E98796 /* PBXContainerItemProxy */;
		};
		4A399CB229BC8FF200E98796 /* PBXTargetDependency */ = {
			isa = PBXTargetDependency;
			target = 4A399C9429BC8FEF00E98796 /* macai */;
			targetProxy = 4A399CB129BC8FF200E98796 /* PBXContainerItemProxy */;
		};
/* End PBXTargetDependency section */

/* Begin XCBuildConfiguration section */
		4A399CB829BC8FF200E98796 /* Debug */ = {
			isa = XCBuildConfiguration;
			buildSettings = {
				ALWAYS_SEARCH_USER_PATHS = NO;
				ARCHS = "$(ARCHS_STANDARD)";
				CLANG_ANALYZER_NONNULL = YES;
				CLANG_ANALYZER_NUMBER_OBJECT_CONVERSION = YES_AGGRESSIVE;
				CLANG_CXX_LANGUAGE_STANDARD = "gnu++20";
				CLANG_ENABLE_MODULES = YES;
				CLANG_ENABLE_OBJC_ARC = YES;
				CLANG_ENABLE_OBJC_WEAK = YES;
				CLANG_WARN_BLOCK_CAPTURE_AUTORELEASING = YES;
				CLANG_WARN_BOOL_CONVERSION = YES;
				CLANG_WARN_COMMA = YES;
				CLANG_WARN_CONSTANT_CONVERSION = YES;
				CLANG_WARN_DEPRECATED_OBJC_IMPLEMENTATIONS = YES;
				CLANG_WARN_DIRECT_OBJC_ISA_USAGE = YES_ERROR;
				CLANG_WARN_DOCUMENTATION_COMMENTS = YES;
				CLANG_WARN_EMPTY_BODY = YES;
				CLANG_WARN_ENUM_CONVERSION = YES;
				CLANG_WARN_INFINITE_RECURSION = YES;
				CLANG_WARN_INT_CONVERSION = YES;
				CLANG_WARN_NON_LITERAL_NULL_CONVERSION = YES;
				CLANG_WARN_OBJC_IMPLICIT_RETAIN_SELF = YES;
				CLANG_WARN_OBJC_LITERAL_CONVERSION = YES;
				CLANG_WARN_OBJC_ROOT_CLASS = YES_ERROR;
				CLANG_WARN_QUOTED_INCLUDE_IN_FRAMEWORK_HEADER = YES;
				CLANG_WARN_RANGE_LOOP_ANALYSIS = YES;
				CLANG_WARN_STRICT_PROTOTYPES = YES;
				CLANG_WARN_SUSPICIOUS_MOVE = YES;
				CLANG_WARN_UNGUARDED_AVAILABILITY = YES_AGGRESSIVE;
				CLANG_WARN_UNREACHABLE_CODE = YES;
				CLANG_WARN__DUPLICATE_METHOD_MATCH = YES;
				COPY_PHASE_STRIP = NO;
				DEBUG_INFORMATION_FORMAT = dwarf;
				DEVELOPMENT_TEAM = ZRB8WDV435;
				ENABLE_STRICT_OBJC_MSGSEND = YES;
				ENABLE_TESTABILITY = YES;
				GCC_C_LANGUAGE_STANDARD = gnu11;
				GCC_DYNAMIC_NO_PIC = NO;
				GCC_NO_COMMON_BLOCKS = YES;
				GCC_OPTIMIZATION_LEVEL = 0;
				GCC_PREPROCESSOR_DEFINITIONS = (
					"DEBUG=1",
					"$(inherited)",
				);
				GCC_WARN_64_TO_32_BIT_CONVERSION = YES;
				GCC_WARN_ABOUT_RETURN_TYPE = YES_ERROR;
				GCC_WARN_UNDECLARED_SELECTOR = YES;
				GCC_WARN_UNINITIALIZED_AUTOS = YES_AGGRESSIVE;
				GCC_WARN_UNUSED_FUNCTION = YES;
				GCC_WARN_UNUSED_VARIABLE = YES;
				INFOPLIST_FILE = macai/Info.plist;
				MTL_ENABLE_DEBUG_INFO = INCLUDE_SOURCE;
				MTL_FAST_MATH = YES;
				ONLY_ACTIVE_ARCH = YES;
				SWIFT_ACTIVE_COMPILATION_CONDITIONS = DEBUG;
				SWIFT_OPTIMIZATION_LEVEL = "-Onone";
			};
			name = Debug;
		};
		4A399CB929BC8FF200E98796 /* Release */ = {
			isa = XCBuildConfiguration;
			buildSettings = {
				ALWAYS_SEARCH_USER_PATHS = NO;
				ARCHS = "$(ARCHS_STANDARD)";
				CLANG_ANALYZER_NONNULL = YES;
				CLANG_ANALYZER_NUMBER_OBJECT_CONVERSION = YES_AGGRESSIVE;
				CLANG_CXX_LANGUAGE_STANDARD = "gnu++20";
				CLANG_ENABLE_MODULES = YES;
				CLANG_ENABLE_OBJC_ARC = YES;
				CLANG_ENABLE_OBJC_WEAK = YES;
				CLANG_WARN_BLOCK_CAPTURE_AUTORELEASING = YES;
				CLANG_WARN_BOOL_CONVERSION = YES;
				CLANG_WARN_COMMA = YES;
				CLANG_WARN_CONSTANT_CONVERSION = YES;
				CLANG_WARN_DEPRECATED_OBJC_IMPLEMENTATIONS = YES;
				CLANG_WARN_DIRECT_OBJC_ISA_USAGE = YES_ERROR;
				CLANG_WARN_DOCUMENTATION_COMMENTS = YES;
				CLANG_WARN_EMPTY_BODY = YES;
				CLANG_WARN_ENUM_CONVERSION = YES;
				CLANG_WARN_INFINITE_RECURSION = YES;
				CLANG_WARN_INT_CONVERSION = YES;
				CLANG_WARN_NON_LITERAL_NULL_CONVERSION = YES;
				CLANG_WARN_OBJC_IMPLICIT_RETAIN_SELF = YES;
				CLANG_WARN_OBJC_LITERAL_CONVERSION = YES;
				CLANG_WARN_OBJC_ROOT_CLASS = YES_ERROR;
				CLANG_WARN_QUOTED_INCLUDE_IN_FRAMEWORK_HEADER = YES;
				CLANG_WARN_RANGE_LOOP_ANALYSIS = YES;
				CLANG_WARN_STRICT_PROTOTYPES = YES;
				CLANG_WARN_SUSPICIOUS_MOVE = YES;
				CLANG_WARN_UNGUARDED_AVAILABILITY = YES_AGGRESSIVE;
				CLANG_WARN_UNREACHABLE_CODE = YES;
				CLANG_WARN__DUPLICATE_METHOD_MATCH = YES;
				COPY_PHASE_STRIP = NO;
				DEBUG_INFORMATION_FORMAT = "dwarf-with-dsym";
				DEVELOPMENT_TEAM = ZRB8WDV435;
				ENABLE_NS_ASSERTIONS = NO;
				ENABLE_STRICT_OBJC_MSGSEND = YES;
				GCC_C_LANGUAGE_STANDARD = gnu11;
				GCC_NO_COMMON_BLOCKS = YES;
				GCC_WARN_64_TO_32_BIT_CONVERSION = YES;
				GCC_WARN_ABOUT_RETURN_TYPE = YES_ERROR;
				GCC_WARN_UNDECLARED_SELECTOR = YES;
				GCC_WARN_UNINITIALIZED_AUTOS = YES_AGGRESSIVE;
				GCC_WARN_UNUSED_FUNCTION = YES;
				GCC_WARN_UNUSED_VARIABLE = YES;
				INFOPLIST_FILE = macai/Info.plist;
				MTL_ENABLE_DEBUG_INFO = NO;
				MTL_FAST_MATH = YES;
				ONLY_ACTIVE_ARCH = NO;
				SWIFT_COMPILATION_MODE = wholemodule;
				SWIFT_OPTIMIZATION_LEVEL = "-O";
			};
			name = Release;
		};
		4A399CBB29BC8FF200E98796 /* Debug */ = {
			isa = XCBuildConfiguration;
			buildSettings = {
				ARCHS = "$(ARCHS_STANDARD)";
				ASSETCATALOG_COMPILER_APPICON_NAME = AppIcon;
				ASSETCATALOG_COMPILER_GLOBAL_ACCENT_COLOR_NAME = AccentColor;
				CODE_SIGN_ENTITLEMENTS = macai/macai.entitlements;
				CODE_SIGN_IDENTITY = "Apple Development";
				"CODE_SIGN_IDENTITY[sdk=macosx*]" = "Apple Development";
				CODE_SIGN_STYLE = Automatic;
				CURRENT_PROJECT_VERSION = 2.0.11;
				DEVELOPMENT_TEAM = ZRB8WDV435;
				ENABLE_HARDENED_RUNTIME = YES;
				ENABLE_PREVIEWS = YES;
				GENERATE_INFOPLIST_FILE = YES;
				INFOPLIST_FILE = macai/Info.plist;
				"INFOPLIST_KEY_UIApplicationSceneManifest_Generation[sdk=iphoneos*]" = YES;
				"INFOPLIST_KEY_UIApplicationSceneManifest_Generation[sdk=iphonesimulator*]" = YES;
				"INFOPLIST_KEY_UIApplicationSupportsIndirectInputEvents[sdk=iphoneos*]" = YES;
				"INFOPLIST_KEY_UIApplicationSupportsIndirectInputEvents[sdk=iphonesimulator*]" = YES;
				"INFOPLIST_KEY_UILaunchScreen_Generation[sdk=iphoneos*]" = YES;
				"INFOPLIST_KEY_UILaunchScreen_Generation[sdk=iphonesimulator*]" = YES;
				"INFOPLIST_KEY_UIStatusBarStyle[sdk=iphoneos*]" = UIStatusBarStyleDefault;
				"INFOPLIST_KEY_UIStatusBarStyle[sdk=iphonesimulator*]" = UIStatusBarStyleDefault;
				INFOPLIST_KEY_UISupportedInterfaceOrientations_iPad = "UIInterfaceOrientationPortrait UIInterfaceOrientationPortraitUpsideDown UIInterfaceOrientationLandscapeLeft UIInterfaceOrientationLandscapeRight";
				INFOPLIST_KEY_UISupportedInterfaceOrientations_iPhone = "UIInterfaceOrientationPortrait UIInterfaceOrientationLandscapeLeft UIInterfaceOrientationLandscapeRight";
				LD_RUNPATH_SEARCH_PATHS = "@executable_path/Frameworks";
				"LD_RUNPATH_SEARCH_PATHS[sdk=macosx*]" = "@executable_path/../Frameworks";
				MACOSX_DEPLOYMENT_TARGET = 13.0;
				MARKETING_VERSION = 2.0.11;
				ONLY_ACTIVE_ARCH = YES;
				PRODUCT_BUNDLE_IDENTIFIER = notfullin.com.macai;
				PRODUCT_NAME = "$(TARGET_NAME)";
				SDKROOT = auto;
				SUPPORTED_PLATFORMS = macosx;
				SUPPORTS_MACCATALYST = NO;
				SUPPORTS_MAC_DESIGNED_FOR_IPHONE_IPAD = NO;
				SWIFT_EMIT_LOC_STRINGS = YES;
				SWIFT_VERSION = 5.0;
			};
			name = Debug;
		};
		4A399CBC29BC8FF200E98796 /* Release */ = {
			isa = XCBuildConfiguration;
			buildSettings = {
				ARCHS = "$(ARCHS_STANDARD)";
				ASSETCATALOG_COMPILER_APPICON_NAME = AppIcon;
				ASSETCATALOG_COMPILER_GLOBAL_ACCENT_COLOR_NAME = AccentColor;
				CODE_SIGN_ENTITLEMENTS = macai/macai.entitlements;
				CODE_SIGN_IDENTITY = "Apple Development";
				"CODE_SIGN_IDENTITY[sdk=macosx*]" = "Apple Development";
				CODE_SIGN_STYLE = Automatic;
				CURRENT_PROJECT_VERSION = 2.0.11;
				DEVELOPMENT_TEAM = ZRB8WDV435;
				ENABLE_HARDENED_RUNTIME = YES;
				ENABLE_PREVIEWS = YES;
				GENERATE_INFOPLIST_FILE = YES;
				INFOPLIST_FILE = macai/Info.plist;
				"INFOPLIST_KEY_UIApplicationSceneManifest_Generation[sdk=iphoneos*]" = YES;
				"INFOPLIST_KEY_UIApplicationSceneManifest_Generation[sdk=iphonesimulator*]" = YES;
				"INFOPLIST_KEY_UIApplicationSupportsIndirectInputEvents[sdk=iphoneos*]" = YES;
				"INFOPLIST_KEY_UIApplicationSupportsIndirectInputEvents[sdk=iphonesimulator*]" = YES;
				"INFOPLIST_KEY_UILaunchScreen_Generation[sdk=iphoneos*]" = YES;
				"INFOPLIST_KEY_UILaunchScreen_Generation[sdk=iphonesimulator*]" = YES;
				"INFOPLIST_KEY_UIStatusBarStyle[sdk=iphoneos*]" = UIStatusBarStyleDefault;
				"INFOPLIST_KEY_UIStatusBarStyle[sdk=iphonesimulator*]" = UIStatusBarStyleDefault;
				INFOPLIST_KEY_UISupportedInterfaceOrientations_iPad = "UIInterfaceOrientationPortrait UIInterfaceOrientationPortraitUpsideDown UIInterfaceOrientationLandscapeLeft UIInterfaceOrientationLandscapeRight";
				INFOPLIST_KEY_UISupportedInterfaceOrientations_iPhone = "UIInterfaceOrientationPortrait UIInterfaceOrientationLandscapeLeft UIInterfaceOrientationLandscapeRight";
				LD_RUNPATH_SEARCH_PATHS = "@executable_path/Frameworks";
				"LD_RUNPATH_SEARCH_PATHS[sdk=macosx*]" = "@executable_path/../Frameworks";
				MACOSX_DEPLOYMENT_TARGET = 13.0;
				MARKETING_VERSION = 2.0.11;
				ONLY_ACTIVE_ARCH = NO;
				PRODUCT_BUNDLE_IDENTIFIER = notfullin.com.macai;
				PRODUCT_NAME = "$(TARGET_NAME)";
				SDKROOT = auto;
				SUPPORTED_PLATFORMS = macosx;
				SUPPORTS_MACCATALYST = NO;
				SUPPORTS_MAC_DESIGNED_FOR_IPHONE_IPAD = NO;
				SWIFT_EMIT_LOC_STRINGS = YES;
				SWIFT_VERSION = 5.0;
			};
			name = Release;
		};
		4A399CBE29BC8FF200E98796 /* Debug */ = {
			isa = XCBuildConfiguration;
			buildSettings = {
				ALWAYS_EMBED_SWIFT_STANDARD_LIBRARIES = YES;
				BUNDLE_LOADER = "$(TEST_HOST)";
				CODE_SIGN_STYLE = Automatic;
				CURRENT_PROJECT_VERSION = 1;
				DEVELOPMENT_TEAM = ZRB8WDV435;
				GENERATE_INFOPLIST_FILE = YES;
				IPHONEOS_DEPLOYMENT_TARGET = 16.2;
				MACOSX_DEPLOYMENT_TARGET = 13.1;
				MARKETING_VERSION = 1.0;
				PRODUCT_BUNDLE_IDENTIFIER = notfullin.com.macaiTests;
				PRODUCT_NAME = "$(TARGET_NAME)";
				SDKROOT = auto;
				SUPPORTED_PLATFORMS = "iphoneos iphonesimulator macosx";
				SWIFT_EMIT_LOC_STRINGS = NO;
				SWIFT_VERSION = 5.0;
				TARGETED_DEVICE_FAMILY = "1,2";
				TEST_HOST = "$(BUILT_PRODUCTS_DIR)/macai.app/$(BUNDLE_EXECUTABLE_FOLDER_PATH)/macai";
			};
			name = Debug;
		};
		4A399CBF29BC8FF200E98796 /* Release */ = {
			isa = XCBuildConfiguration;
			buildSettings = {
				ALWAYS_EMBED_SWIFT_STANDARD_LIBRARIES = YES;
				BUNDLE_LOADER = "$(TEST_HOST)";
				CODE_SIGN_STYLE = Automatic;
				CURRENT_PROJECT_VERSION = 1;
				DEVELOPMENT_TEAM = ZRB8WDV435;
				GENERATE_INFOPLIST_FILE = YES;
				IPHONEOS_DEPLOYMENT_TARGET = 16.2;
				MACOSX_DEPLOYMENT_TARGET = 13.1;
				MARKETING_VERSION = 1.0;
				PRODUCT_BUNDLE_IDENTIFIER = notfullin.com.macaiTests;
				PRODUCT_NAME = "$(TARGET_NAME)";
				SDKROOT = auto;
				SUPPORTED_PLATFORMS = "iphoneos iphonesimulator macosx";
				SWIFT_EMIT_LOC_STRINGS = NO;
				SWIFT_VERSION = 5.0;
				TARGETED_DEVICE_FAMILY = "1,2";
				TEST_HOST = "$(BUILT_PRODUCTS_DIR)/macai.app/$(BUNDLE_EXECUTABLE_FOLDER_PATH)/macai";
			};
			name = Release;
		};
		4A399CC129BC8FF200E98796 /* Debug */ = {
			isa = XCBuildConfiguration;
			buildSettings = {
				ALWAYS_EMBED_SWIFT_STANDARD_LIBRARIES = YES;
				CODE_SIGN_STYLE = Automatic;
				CURRENT_PROJECT_VERSION = 1;
				DEVELOPMENT_TEAM = ZRB8WDV435;
				GENERATE_INFOPLIST_FILE = YES;
				IPHONEOS_DEPLOYMENT_TARGET = 16.2;
				MACOSX_DEPLOYMENT_TARGET = 13.1;
				MARKETING_VERSION = 1.0;
				PRODUCT_BUNDLE_IDENTIFIER = notfullin.com.macaiUITests;
				PRODUCT_NAME = "$(TARGET_NAME)";
				SDKROOT = auto;
				SUPPORTED_PLATFORMS = "iphoneos iphonesimulator macosx";
				SWIFT_EMIT_LOC_STRINGS = NO;
				SWIFT_VERSION = 5.0;
				TARGETED_DEVICE_FAMILY = "1,2";
				TEST_TARGET_NAME = macai;
			};
			name = Debug;
		};
		4A399CC229BC8FF200E98796 /* Release */ = {
			isa = XCBuildConfiguration;
			buildSettings = {
				ALWAYS_EMBED_SWIFT_STANDARD_LIBRARIES = YES;
				CODE_SIGN_STYLE = Automatic;
				CURRENT_PROJECT_VERSION = 1;
				DEVELOPMENT_TEAM = ZRB8WDV435;
				GENERATE_INFOPLIST_FILE = YES;
				IPHONEOS_DEPLOYMENT_TARGET = 16.2;
				MACOSX_DEPLOYMENT_TARGET = 13.1;
				MARKETING_VERSION = 1.0;
				PRODUCT_BUNDLE_IDENTIFIER = notfullin.com.macaiUITests;
				PRODUCT_NAME = "$(TARGET_NAME)";
				SDKROOT = auto;
				SUPPORTED_PLATFORMS = "iphoneos iphonesimulator macosx";
				SWIFT_EMIT_LOC_STRINGS = NO;
				SWIFT_VERSION = 5.0;
				TARGETED_DEVICE_FAMILY = "1,2";
				TEST_TARGET_NAME = macai;
			};
			name = Release;
		};
/* End XCBuildConfiguration section */

/* Begin XCConfigurationList section */
		4A399C9029BC8FEF00E98796 /* Build configuration list for PBXProject "macai" */ = {
			isa = XCConfigurationList;
			buildConfigurations = (
				4A399CB829BC8FF200E98796 /* Debug */,
				4A399CB929BC8FF200E98796 /* Release */,
			);
			defaultConfigurationIsVisible = 0;
			defaultConfigurationName = Release;
		};
		4A399CBA29BC8FF200E98796 /* Build configuration list for PBXNativeTarget "macai" */ = {
			isa = XCConfigurationList;
			buildConfigurations = (
				4A399CBB29BC8FF200E98796 /* Debug */,
				4A399CBC29BC8FF200E98796 /* Release */,
			);
			defaultConfigurationIsVisible = 0;
			defaultConfigurationName = Release;
		};
		4A399CBD29BC8FF200E98796 /* Build configuration list for PBXNativeTarget "macaiTests" */ = {
			isa = XCConfigurationList;
			buildConfigurations = (
				4A399CBE29BC8FF200E98796 /* Debug */,
				4A399CBF29BC8FF200E98796 /* Release */,
			);
			defaultConfigurationIsVisible = 0;
			defaultConfigurationName = Release;
		};
		4A399CC029BC8FF200E98796 /* Build configuration list for PBXNativeTarget "macaiUITests" */ = {
			isa = XCConfigurationList;
			buildConfigurations = (
				4A399CC129BC8FF200E98796 /* Debug */,
				4A399CC229BC8FF200E98796 /* Release */,
			);
			defaultConfigurationIsVisible = 0;
			defaultConfigurationName = Release;
		};
/* End XCConfigurationList section */

/* Begin XCRemoteSwiftPackageReference section */
		4A2842472C87014800E5C920 /* XCRemoteSwiftPackageReference "KeychainAccess" */ = {
			isa = XCRemoteSwiftPackageReference;
			repositoryURL = "https://github.com/kishikawakatsumi/KeychainAccess";
			requirement = {
				branch = master;
				kind = branch;
			};
		};
		4A471B842C29C56800C66926 /* XCRemoteSwiftPackageReference "SwiftMath" */ = {
			isa = XCRemoteSwiftPackageReference;
			repositoryURL = "https://github.com/mgriebling/SwiftMath";
			requirement = {
				kind = upToNextMajorVersion;
				minimumVersion = 1.4.0;
			};
		};
		4A51EC6029C32AF600973D83 /* XCRemoteSwiftPackageReference "Highlightr" */ = {
			isa = XCRemoteSwiftPackageReference;
			repositoryURL = "https://github.com/raspu/Highlightr";
			requirement = {
				branch = master;
				kind = branch;
			};
		};
		4A51EC6329C32B0B00973D83 /* XCRemoteSwiftPackageReference "AttributedText" */ = {
			isa = XCRemoteSwiftPackageReference;
			repositoryURL = "https://github.com/gonzalezreal/AttributedText";
			requirement = {
				kind = upToNextMajorVersion;
				minimumVersion = 1.0.0;
			};
		};
		4A5C395029D8765200BCB534 /* XCRemoteSwiftPackageReference "OmenTextField" */ = {
			isa = XCRemoteSwiftPackageReference;
			repositoryURL = "https://github.com/Renset/OmenTextField";
			requirement = {
				branch = main;
				kind = branch;
			};
		};
		4A7E1BD929C910F800E57DC2 /* XCRemoteSwiftPackageReference "Sparkle" */ = {
			isa = XCRemoteSwiftPackageReference;
			repositoryURL = "https://github.com/sparkle-project/Sparkle";
			requirement = {
				kind = upToNextMajorVersion;
				minimumVersion = 2.0.0;
			};
		};
/* End XCRemoteSwiftPackageReference section */

/* Begin XCSwiftPackageProductDependency section */
		4A2842482C87014800E5C920 /* KeychainAccess */ = {
			isa = XCSwiftPackageProductDependency;
			package = 4A2842472C87014800E5C920 /* XCRemoteSwiftPackageReference "KeychainAccess" */;
			productName = KeychainAccess;
		};
		4A471B852C29C56800C66926 /* SwiftMath */ = {
			isa = XCSwiftPackageProductDependency;
			package = 4A471B842C29C56800C66926 /* XCRemoteSwiftPackageReference "SwiftMath" */;
			productName = SwiftMath;
		};
		4A51EC6129C32AF700973D83 /* Highlightr */ = {
			isa = XCSwiftPackageProductDependency;
			package = 4A51EC6029C32AF600973D83 /* XCRemoteSwiftPackageReference "Highlightr" */;
			productName = Highlightr;
		};
		4A51EC6429C32B0B00973D83 /* AttributedText */ = {
			isa = XCSwiftPackageProductDependency;
			package = 4A51EC6329C32B0B00973D83 /* XCRemoteSwiftPackageReference "AttributedText" */;
			productName = AttributedText;
		};
		4A5C395129D8765200BCB534 /* OmenTextField */ = {
			isa = XCSwiftPackageProductDependency;
			package = 4A5C395029D8765200BCB534 /* XCRemoteSwiftPackageReference "OmenTextField" */;
			productName = OmenTextField;
		};
		4A7E1BDA29C910F900E57DC2 /* Sparkle */ = {
			isa = XCSwiftPackageProductDependency;
			package = 4A7E1BD929C910F800E57DC2 /* XCRemoteSwiftPackageReference "Sparkle" */;
			productName = Sparkle;
		};
/* End XCSwiftPackageProductDependency section */

/* Begin XCVersionGroup section */
		4A751D2329CBA70B006B983B /* macaiDataModel.xcdatamodeld */ = {
			isa = XCVersionGroup;
			children = (
				4A751D2429CBA70B006B983B /* macaiDataModel.xcdatamodel */,
			);
			currentVersion = 4A751D2429CBA70B006B983B /* macaiDataModel.xcdatamodel */;
			path = macaiDataModel.xcdatamodeld;
			sourceTree = "<group>";
			versionGroupType = wrapper.xcdatamodel;
		};
/* End XCVersionGroup section */
	};
	rootObject = 4A399C8D29BC8FEF00E98796 /* Project object */;
}
